// !$*UTF8*$!
{
	archiveVersion = 1;
	classes = {
	};
	objectVersion = 56;
	objects = {

/* Begin PBXBuildFile section */
		6D0C308F2C10BB8B00E5B550 /* StudentModel.swift in Sources */ = {isa = PBXBuildFile; fileRef = 6D0C308E2C10BB7300E5B550 /* StudentModel.swift */; };
		6D106BDD2C2DB96D00186BA5 /* SignUp.storyboard in Resources */ = {isa = PBXBuildFile; fileRef = 6D106BDC2C2DB96D00186BA5 /* SignUp.storyboard */; };
		6D106BDF2C2DBA7A00186BA5 /* SignUpForm.swift in Sources */ = {isa = PBXBuildFile; fileRef = 6D106BDE2C2DBA7A00186BA5 /* SignUpForm.swift */; };
		6D106BE12C2DBE0400186BA5 /* SignUpWithMobileVC.swift in Sources */ = {isa = PBXBuildFile; fileRef = 6D106BE02C2DBE0400186BA5 /* SignUpWithMobileVC.swift */; };
		6D180A6B2C2021A6000BCB4B /* NetworkRequestVC.swift in Sources */ = {isa = PBXBuildFile; fileRef = 6D180A6A2C2021A6000BCB4B /* NetworkRequestVC.swift */; };
		6D69BCE42C04D36F00D03B3E /* AppDelegate.swift in Sources */ = {isa = PBXBuildFile; fileRef = 6D69BCE32C04D36F00D03B3E /* AppDelegate.swift */; };
		6D69BCE62C04D36F00D03B3E /* SceneDelegate.swift in Sources */ = {isa = PBXBuildFile; fileRef = 6D69BCE52C04D36F00D03B3E /* SceneDelegate.swift */; };
		6D69BCE82C04D36F00D03B3E /* SignUpVC.swift in Sources */ = {isa = PBXBuildFile; fileRef = 6D69BCE72C04D36F00D03B3E /* SignUpVC.swift */; };
		6D69BCEB2C04D36F00D03B3E /* Main.storyboard in Resources */ = {isa = PBXBuildFile; fileRef = 6D69BCE92C04D36F00D03B3E /* Main.storyboard */; };
		6D69BCED2C04D37100D03B3E /* Assets.xcassets in Resources */ = {isa = PBXBuildFile; fileRef = 6D69BCEC2C04D37100D03B3E /* Assets.xcassets */; };
		6D69BCF02C04D37100D03B3E /* LaunchScreen.storyboard in Resources */ = {isa = PBXBuildFile; fileRef = 6D69BCEE2C04D37100D03B3E /* LaunchScreen.storyboard */; };
		6D8275782C189A1200C9D8A1 /* Home2VC.swift in Sources */ = {isa = PBXBuildFile; fileRef = 6D8275772C189A1200C9D8A1 /* Home2VC.swift */; };
		6D90D16A2C25C267002C36FA /* AddStudentVC.swift in Sources */ = {isa = PBXBuildFile; fileRef = 6D90D1692C25C267002C36FA /* AddStudentVC.swift */; };
		6DA344232C0E16C500E08102 /* HomeItemCell.swift in Sources */ = {isa = PBXBuildFile; fileRef = 6DA344222C0E16C500E08102 /* HomeItemCell.swift */; };
		6DBE41292C1C1E050028C994 /* ImageCell.swift in Sources */ = {isa = PBXBuildFile; fileRef = 6DBE41272C1C1E050028C994 /* ImageCell.swift */; };
		6DBE412A2C1C1E050028C994 /* ImageCell.xib in Resources */ = {isa = PBXBuildFile; fileRef = 6DBE41282C1C1E050028C994 /* ImageCell.xib */; };
		6DBE41332C1C27C80028C994 /* SDWebImage in Frameworks */ = {isa = PBXBuildFile; productRef = 6DBE41322C1C27C80028C994 /* SDWebImage */; };
		6DBE41362C1C28F30028C994 /* Reachability in Frameworks */ = {isa = PBXBuildFile; productRef = 6DBE41352C1C28F30028C994 /* Reachability */; };
		6DBE41382C1C2AAD0028C994 /* LifecycleVC.swift in Sources */ = {isa = PBXBuildFile; fileRef = 6DBE41372C1C2AAD0028C994 /* LifecycleVC.swift */; };
		6DBE413A2C1C2C240028C994 /* SecondViewController.swift in Sources */ = {isa = PBXBuildFile; fileRef = 6DBE41392C1C2C240028C994 /* SecondViewController.swift */; };
		6DBEA6F92C135A8D004543F1 /* HeavyCell.swift in Sources */ = {isa = PBXBuildFile; fileRef = 6DBEA6F72C135A8D004543F1 /* HeavyCell.swift */; };
		6DBEA6FA2C135A8D004543F1 /* HeavyCell.xib in Resources */ = {isa = PBXBuildFile; fileRef = 6DBEA6F82C135A8D004543F1 /* HeavyCell.xib */; };
		6DBEA6FC2C135D67004543F1 /* TableXibWala.swift in Sources */ = {isa = PBXBuildFile; fileRef = 6DBEA6FB2C135D67004543F1 /* TableXibWala.swift */; };
		6DD9012E2C0A1D4B000A14D4 /* HomePage.swift in Sources */ = {isa = PBXBuildFile; fileRef = 6DD9012D2C0A1D4B000A14D4 /* HomePage.swift */; };
		6DD901312C0A20F2000A14D4 /* LogoutVC.swift in Sources */ = {isa = PBXBuildFile; fileRef = 6DD901302C0A20F2000A14D4 /* LogoutVC.swift */; };
		6DDE1AB02C29CA6300782038 /* AddStudentFeesVC.swift in Sources */ = {isa = PBXBuildFile; fileRef = 6DDE1AAF2C29CA6300782038 /* AddStudentFeesVC.swift */; };
		6DEE5B162C231EE1005D4F54 /* LatLngModel.swift in Sources */ = {isa = PBXBuildFile; fileRef = 6DEE5B152C231EE1005D4F54 /* LatLngModel.swift */; };
		6DEE5B182C2321E7005D4F54 /* GridVC.swift in Sources */ = {isa = PBXBuildFile; fileRef = 6DEE5B172C2321E6005D4F54 /* GridVC.swift */; };
		6DEE5B1C2C23229D005D4F54 /* GridItem.swift in Sources */ = {isa = PBXBuildFile; fileRef = 6DEE5B1A2C23229D005D4F54 /* GridItem.swift */; };
		6DEE5B1D2C23229D005D4F54 /* GridItem.xib in Resources */ = {isa = PBXBuildFile; fileRef = 6DEE5B1B2C23229D005D4F54 /* GridItem.xib */; };
		6DEE5B202C232553005D4F54 /* AppConstants.swift in Sources */ = {isa = PBXBuildFile; fileRef = 6DEE5B1F2C232553005D4F54 /* AppConstants.swift */; };
		6DEE5B222C232BD0005D4F54 /* SecondDrawerVC.swift in Sources */ = {isa = PBXBuildFile; fileRef = 6DEE5B212C232BD0005D4F54 /* SecondDrawerVC.swift */; };
/* End PBXBuildFile section */

/* Begin PBXFileReference section */
		6D0C308E2C10BB7300E5B550 /* StudentModel.swift */ = {isa = PBXFileReference; lastKnownFileType = sourcecode.swift; path = StudentModel.swift; sourceTree = "<group>"; };
		6D106BDC2C2DB96D00186BA5 /* SignUp.storyboard */ = {isa = PBXFileReference; lastKnownFileType = file.storyboard; path = SignUp.storyboard; sourceTree = "<group>"; };
		6D106BDE2C2DBA7A00186BA5 /* SignUpForm.swift */ = {isa = PBXFileReference; lastKnownFileType = sourcecode.swift; path = SignUpForm.swift; sourceTree = "<group>"; };
		6D106BE02C2DBE0400186BA5 /* SignUpWithMobileVC.swift */ = {isa = PBXFileReference; lastKnownFileType = sourcecode.swift; path = SignUpWithMobileVC.swift; sourceTree = "<group>"; };
		6D180A6A2C2021A6000BCB4B /* NetworkRequestVC.swift */ = {isa = PBXFileReference; lastKnownFileType = sourcecode.swift; path = NetworkRequestVC.swift; sourceTree = "<group>"; };
		6D69BCE02C04D36F00D03B3E /* Sanjay Project.app */ = {isa = PBXFileReference; explicitFileType = wrapper.application; includeInIndex = 0; path = "Sanjay Project.app"; sourceTree = BUILT_PRODUCTS_DIR; };
		6D69BCE32C04D36F00D03B3E /* AppDelegate.swift */ = {isa = PBXFileReference; lastKnownFileType = sourcecode.swift; path = AppDelegate.swift; sourceTree = "<group>"; };
		6D69BCE52C04D36F00D03B3E /* SceneDelegate.swift */ = {isa = PBXFileReference; lastKnownFileType = sourcecode.swift; path = SceneDelegate.swift; sourceTree = "<group>"; };
		6D69BCE72C04D36F00D03B3E /* SignUpVC.swift */ = {isa = PBXFileReference; lastKnownFileType = sourcecode.swift; path = SignUpVC.swift; sourceTree = "<group>"; };
		6D69BCEA2C04D36F00D03B3E /* Base */ = {isa = PBXFileReference; lastKnownFileType = file.storyboard; name = Base; path = Base.lproj/Main.storyboard; sourceTree = "<group>"; };
		6D69BCEC2C04D37100D03B3E /* Assets.xcassets */ = {isa = PBXFileReference; lastKnownFileType = folder.assetcatalog; path = Assets.xcassets; sourceTree = "<group>"; };
		6D69BCEF2C04D37100D03B3E /* Base */ = {isa = PBXFileReference; lastKnownFileType = file.storyboard; name = Base; path = Base.lproj/LaunchScreen.storyboard; sourceTree = "<group>"; };
		6D69BCF12C04D37100D03B3E /* Info.plist */ = {isa = PBXFileReference; lastKnownFileType = text.plist.xml; path = Info.plist; sourceTree = "<group>"; };
		6D8275772C189A1200C9D8A1 /* Home2VC.swift */ = {isa = PBXFileReference; lastKnownFileType = sourcecode.swift; path = Home2VC.swift; sourceTree = "<group>"; };
		6D90D1692C25C267002C36FA /* AddStudentVC.swift */ = {isa = PBXFileReference; lastKnownFileType = sourcecode.swift; path = AddStudentVC.swift; sourceTree = "<group>"; };
		6DA344222C0E16C500E08102 /* HomeItemCell.swift */ = {isa = PBXFileReference; lastKnownFileType = sourcecode.swift; path = HomeItemCell.swift; sourceTree = "<group>"; };
		6DBE41272C1C1E050028C994 /* ImageCell.swift */ = {isa = PBXFileReference; lastKnownFileType = sourcecode.swift; path = ImageCell.swift; sourceTree = "<group>"; };
		6DBE41282C1C1E050028C994 /* ImageCell.xib */ = {isa = PBXFileReference; lastKnownFileType = file.xib; path = ImageCell.xib; sourceTree = "<group>"; };
		6DBE41372C1C2AAD0028C994 /* LifecycleVC.swift */ = {isa = PBXFileReference; lastKnownFileType = sourcecode.swift; path = LifecycleVC.swift; sourceTree = "<group>"; };
		6DBE41392C1C2C240028C994 /* SecondViewController.swift */ = {isa = PBXFileReference; lastKnownFileType = sourcecode.swift; path = SecondViewController.swift; sourceTree = "<group>"; };
		6DBEA6F72C135A8D004543F1 /* HeavyCell.swift */ = {isa = PBXFileReference; lastKnownFileType = sourcecode.swift; path = HeavyCell.swift; sourceTree = "<group>"; };
		6DBEA6F82C135A8D004543F1 /* HeavyCell.xib */ = {isa = PBXFileReference; lastKnownFileType = file.xib; path = HeavyCell.xib; sourceTree = "<group>"; };
		6DBEA6FB2C135D67004543F1 /* TableXibWala.swift */ = {isa = PBXFileReference; lastKnownFileType = sourcecode.swift; path = TableXibWala.swift; sourceTree = "<group>"; };
		6DD9012D2C0A1D4B000A14D4 /* HomePage.swift */ = {isa = PBXFileReference; lastKnownFileType = sourcecode.swift; path = HomePage.swift; sourceTree = "<group>"; };
		6DD901302C0A20F2000A14D4 /* LogoutVC.swift */ = {isa = PBXFileReference; lastKnownFileType = sourcecode.swift; path = LogoutVC.swift; sourceTree = "<group>"; };
		6DDE1AAF2C29CA6300782038 /* AddStudentFeesVC.swift */ = {isa = PBXFileReference; lastKnownFileType = sourcecode.swift; path = AddStudentFeesVC.swift; sourceTree = "<group>"; };
		6DEE5B152C231EE1005D4F54 /* LatLngModel.swift */ = {isa = PBXFileReference; lastKnownFileType = sourcecode.swift; path = LatLngModel.swift; sourceTree = "<group>"; };
		6DEE5B172C2321E6005D4F54 /* GridVC.swift */ = {isa = PBXFileReference; lastKnownFileType = sourcecode.swift; path = GridVC.swift; sourceTree = "<group>"; };
		6DEE5B1A2C23229D005D4F54 /* GridItem.swift */ = {isa = PBXFileReference; lastKnownFileType = sourcecode.swift; path = GridItem.swift; sourceTree = "<group>"; };
		6DEE5B1B2C23229D005D4F54 /* GridItem.xib */ = {isa = PBXFileReference; lastKnownFileType = file.xib; path = GridItem.xib; sourceTree = "<group>"; };
		6DEE5B1F2C232553005D4F54 /* AppConstants.swift */ = {isa = PBXFileReference; lastKnownFileType = sourcecode.swift; path = AppConstants.swift; sourceTree = "<group>"; };
		6DEE5B212C232BD0005D4F54 /* SecondDrawerVC.swift */ = {isa = PBXFileReference; lastKnownFileType = sourcecode.swift; path = SecondDrawerVC.swift; sourceTree = "<group>"; };
/* End PBXFileReference section */

/* Begin PBXFrameworksBuildPhase section */
		6D69BCDD2C04D36F00D03B3E /* Frameworks */ = {
			isa = PBXFrameworksBuildPhase;
			buildActionMask = 2147483647;
			files = (
				6DBE41332C1C27C80028C994 /* SDWebImage in Frameworks */,
				6DBE41362C1C28F30028C994 /* Reachability in Frameworks */,
			);
			runOnlyForDeploymentPostprocessing = 0;
		};
/* End PBXFrameworksBuildPhase section */

/* Begin PBXGroup section */
		6D0C308D2C10BB3F00E5B550 /* models */ = {
			isa = PBXGroup;
			children = (
				6D0C308E2C10BB7300E5B550 /* StudentModel.swift */,
				6DEE5B152C231EE1005D4F54 /* LatLngModel.swift */,
			);
			path = models;
			sourceTree = "<group>";
		};
		6D106BDB2C2DB91B00186BA5 /* storyboards */ = {
			isa = PBXGroup;
			children = (
				6D69BCE92C04D36F00D03B3E /* Main.storyboard */,
				6D106BDC2C2DB96D00186BA5 /* SignUp.storyboard */,
			);
			path = storyboards;
			sourceTree = "<group>";
		};
		6D69BCD72C04D36F00D03B3E = {
			isa = PBXGroup;
			children = (
				6D69BCE22C04D36F00D03B3E /* Sanjay Project */,
				6D69BCE12C04D36F00D03B3E /* Products */,
			);
			sourceTree = "<group>";
		};
		6D69BCE12C04D36F00D03B3E /* Products */ = {
			isa = PBXGroup;
			children = (
				6D69BCE02C04D36F00D03B3E /* Sanjay Project.app */,
			);
			name = Products;
			sourceTree = "<group>";
		};
		6D69BCE22C04D36F00D03B3E /* Sanjay Project */ = {
			isa = PBXGroup;
			children = (
				6D106BDB2C2DB91B00186BA5 /* storyboards */,
				6DEE5B1E2C232546005D4F54 /* Utility */,
				6D0C308D2C10BB3F00E5B550 /* models */,
				6DA344212C0E166800E08102 /* cells */,
				6D69BCE32C04D36F00D03B3E /* AppDelegate.swift */,
				6D69BCE52C04D36F00D03B3E /* SceneDelegate.swift */,
				6DD9012F2C0A1D58000A14D4 /* VC's */,
				6D69BCEC2C04D37100D03B3E /* Assets.xcassets */,
				6D69BCEE2C04D37100D03B3E /* LaunchScreen.storyboard */,
				6D69BCF12C04D37100D03B3E /* Info.plist */,
			);
			path = "Sanjay Project";
			sourceTree = "<group>";
		};
		6DA344212C0E166800E08102 /* cells */ = {
			isa = PBXGroup;
			children = (
				6DEE5B192C23227A005D4F54 /* GridItem */,
				6DBE41262C1C1DEE0028C994 /* ImageCell */,
				6DBEA6F62C135A56004543F1 /* HeavyCell */,
				6DA344222C0E16C500E08102 /* HomeItemCell.swift */,
			);
			path = cells;
			sourceTree = "<group>";
		};
		6DBE41262C1C1DEE0028C994 /* ImageCell */ = {
			isa = PBXGroup;
			children = (
				6DBE41272C1C1E050028C994 /* ImageCell.swift */,
				6DBE41282C1C1E050028C994 /* ImageCell.xib */,
			);
			name = ImageCell;
			sourceTree = "<group>";
		};
		6DBEA6F62C135A56004543F1 /* HeavyCell */ = {
			isa = PBXGroup;
			children = (
				6DBEA6F72C135A8D004543F1 /* HeavyCell.swift */,
				6DBEA6F82C135A8D004543F1 /* HeavyCell.xib */,
			);
			path = HeavyCell;
			sourceTree = "<group>";
		};
		6DD9012F2C0A1D58000A14D4 /* VC's */ = {
			isa = PBXGroup;
			children = (
				6DD9012D2C0A1D4B000A14D4 /* HomePage.swift */,
				6DD901302C0A20F2000A14D4 /* LogoutVC.swift */,
				6D69BCE72C04D36F00D03B3E /* SignUpVC.swift */,
				6DBEA6FB2C135D67004543F1 /* TableXibWala.swift */,
				6D8275772C189A1200C9D8A1 /* Home2VC.swift */,
				6DBE41372C1C2AAD0028C994 /* LifecycleVC.swift */,
				6DBE41392C1C2C240028C994 /* SecondViewController.swift */,
				6D180A6A2C2021A6000BCB4B /* NetworkRequestVC.swift */,
				6DEE5B172C2321E6005D4F54 /* GridVC.swift */,
				6DEE5B212C232BD0005D4F54 /* SecondDrawerVC.swift */,
				6D90D1692C25C267002C36FA /* AddStudentVC.swift */,
				6DDE1AAF2C29CA6300782038 /* AddStudentFeesVC.swift */,
				6D106BDE2C2DBA7A00186BA5 /* SignUpForm.swift */,
				6D106BE02C2DBE0400186BA5 /* SignUpWithMobileVC.swift */,
			);
			path = "VC's";
			sourceTree = "<group>";
		};
		6DEE5B192C23227A005D4F54 /* GridItem */ = {
			isa = PBXGroup;
			children = (
				6DEE5B1A2C23229D005D4F54 /* GridItem.swift */,
				6DEE5B1B2C23229D005D4F54 /* GridItem.xib */,
			);
			path = GridItem;
			sourceTree = "<group>";
		};
		6DEE5B1E2C232546005D4F54 /* Utility */ = {
			isa = PBXGroup;
			children = (
				6DEE5B1F2C232553005D4F54 /* AppConstants.swift */,
			);
			path = Utility;
			sourceTree = "<group>";
		};
/* End PBXGroup section */

/* Begin PBXNativeTarget section */
		6D69BCDF2C04D36F00D03B3E /* Sanjay Project */ = {
			isa = PBXNativeTarget;
			buildConfigurationList = 6D69BCF42C04D37100D03B3E /* Build configuration list for PBXNativeTarget "Sanjay Project" */;
			buildPhases = (
				6D69BCDC2C04D36F00D03B3E /* Sources */,
				6D69BCDD2C04D36F00D03B3E /* Frameworks */,
				6D69BCDE2C04D36F00D03B3E /* Resources */,
			);
			buildRules = (
			);
			dependencies = (
			);
			name = "Sanjay Project";
			packageProductDependencies = (
				6DBE41322C1C27C80028C994 /* SDWebImage */,
				6DBE41352C1C28F30028C994 /* Reachability */,
			);
			productName = "Sanjay Project";
			productReference = 6D69BCE02C04D36F00D03B3E /* Sanjay Project.app */;
			productType = "com.apple.product-type.application";
		};
/* End PBXNativeTarget section */

/* Begin PBXProject section */
		6D69BCD82C04D36F00D03B3E /* Project object */ = {
			isa = PBXProject;
			attributes = {
				BuildIndependentTargetsInParallel = 1;
				LastSwiftUpdateCheck = 1520;
				LastUpgradeCheck = 1520;
				TargetAttributes = {
					6D69BCDF2C04D36F00D03B3E = {
						CreatedOnToolsVersion = 15.2;
					};
				};
			};
			buildConfigurationList = 6D69BCDB2C04D36F00D03B3E /* Build configuration list for PBXProject "Sanjay Project" */;
			compatibilityVersion = "Xcode 14.0";
			developmentRegion = en;
			hasScannedForEncodings = 0;
			knownRegions = (
				en,
				Base,
			);
			mainGroup = 6D69BCD72C04D36F00D03B3E;
			packageReferences = (
				6DBE41312C1C27C70028C994 /* XCRemoteSwiftPackageReference "SDWebImage" */,
				6DBE41342C1C28F30028C994 /* XCRemoteSwiftPackageReference "Reachability.swift" */,
			);
			productRefGroup = 6D69BCE12C04D36F00D03B3E /* Products */;
			projectDirPath = "";
			projectRoot = "";
			targets = (
				6D69BCDF2C04D36F00D03B3E /* Sanjay Project */,
			);
		};
/* End PBXProject section */

/* Begin PBXResourcesBuildPhase section */
		6D69BCDE2C04D36F00D03B3E /* Resources */ = {
			isa = PBXResourcesBuildPhase;
			buildActionMask = 2147483647;
			files = (
				6D69BCF02C04D37100D03B3E /* LaunchScreen.storyboard in Resources */,
				6D69BCED2C04D37100D03B3E /* Assets.xcassets in Resources */,
				6DEE5B1D2C23229D005D4F54 /* GridItem.xib in Resources */,
				6D106BDD2C2DB96D00186BA5 /* SignUp.storyboard in Resources */,
				6D69BCEB2C04D36F00D03B3E /* Main.storyboard in Resources */,
				6DBE412A2C1C1E050028C994 /* ImageCell.xib in Resources */,
				6DBEA6FA2C135A8D004543F1 /* HeavyCell.xib in Resources */,
			);
			runOnlyForDeploymentPostprocessing = 0;
		};
/* End PBXResourcesBuildPhase section */

/* Begin PBXSourcesBuildPhase section */
		6D69BCDC2C04D36F00D03B3E /* Sources */ = {
			isa = PBXSourcesBuildPhase;
			buildActionMask = 2147483647;
			files = (
				6DDE1AB02C29CA6300782038 /* AddStudentFeesVC.swift in Sources */,
				6D0C308F2C10BB8B00E5B550 /* StudentModel.swift in Sources */,
				6DEE5B202C232553005D4F54 /* AppConstants.swift in Sources */,
				6D106BDF2C2DBA7A00186BA5 /* SignUpForm.swift in Sources */,
				6D69BCE82C04D36F00D03B3E /* SignUpVC.swift in Sources */,
				6DEE5B222C232BD0005D4F54 /* SecondDrawerVC.swift in Sources */,
				6DBE41292C1C1E050028C994 /* ImageCell.swift in Sources */,
				6DEE5B1C2C23229D005D4F54 /* GridItem.swift in Sources */,
				6D90D16A2C25C267002C36FA /* AddStudentVC.swift in Sources */,
				6D106BE12C2DBE0400186BA5 /* SignUpWithMobileVC.swift in Sources */,
				6D180A6B2C2021A6000BCB4B /* NetworkRequestVC.swift in Sources */,
				6D69BCE42C04D36F00D03B3E /* AppDelegate.swift in Sources */,
				6DBEA6FC2C135D67004543F1 /* TableXibWala.swift in Sources */,
				6DEE5B182C2321E7005D4F54 /* GridVC.swift in Sources */,
				6DEE5B162C231EE1005D4F54 /* LatLngModel.swift in Sources */,
				6D69BCE62C04D36F00D03B3E /* SceneDelegate.swift in Sources */,
				6DBE413A2C1C2C240028C994 /* SecondViewController.swift in Sources */,
				6DA344232C0E16C500E08102 /* HomeItemCell.swift in Sources */,
				6D8275782C189A1200C9D8A1 /* Home2VC.swift in Sources */,
				6DD9012E2C0A1D4B000A14D4 /* HomePage.swift in Sources */,
				6DBE41382C1C2AAD0028C994 /* LifecycleVC.swift in Sources */,
				6DD901312C0A20F2000A14D4 /* LogoutVC.swift in Sources */,
				6DBEA6F92C135A8D004543F1 /* HeavyCell.swift in Sources */,
			);
			runOnlyForDeploymentPostprocessing = 0;
		};
/* End PBXSourcesBuildPhase section */

/* Begin PBXVariantGroup section */
		6D69BCE92C04D36F00D03B3E /* Main.storyboard */ = {
			isa = PBXVariantGroup;
			children = (
				6D69BCEA2C04D36F00D03B3E /* Base */,
			);
			name = Main.storyboard;
			sourceTree = "<group>";
		};
		6D69BCEE2C04D37100D03B3E /* LaunchScreen.storyboard */ = {
			isa = PBXVariantGroup;
			children = (
				6D69BCEF2C04D37100D03B3E /* Base */,
			);
			name = LaunchScreen.storyboard;
			sourceTree = "<group>";
		};
/* End PBXVariantGroup section */

/* Begin XCBuildConfiguration section */
		6D69BCF22C04D37100D03B3E /* Debug */ = {
			isa = XCBuildConfiguration;
			buildSettings = {
				ALWAYS_SEARCH_USER_PATHS = NO;
				ASSETCATALOG_COMPILER_GENERATE_SWIFT_ASSET_SYMBOL_EXTENSIONS = YES;
				CLANG_ANALYZER_NONNULL = YES;
				CLANG_ANALYZER_NUMBER_OBJECT_CONVERSION = YES_AGGRESSIVE;
				CLANG_CXX_LANGUAGE_STANDARD = "gnu++20";
				CLANG_ENABLE_MODULES = YES;
				CLANG_ENABLE_OBJC_ARC = YES;
				CLANG_ENABLE_OBJC_WEAK = YES;
				CLANG_WARN_BLOCK_CAPTURE_AUTORELEASING = YES;
				CLANG_WARN_BOOL_CONVERSION = YES;
				CLANG_WARN_COMMA = YES;
				CLANG_WARN_CONSTANT_CONVERSION = YES;
				CLANG_WARN_DEPRECATED_OBJC_IMPLEMENTATIONS = YES;
				CLANG_WARN_DIRECT_OBJC_ISA_USAGE = YES_ERROR;
				CLANG_WARN_DOCUMENTATION_COMMENTS = YES;
				CLANG_WARN_EMPTY_BODY = YES;
				CLANG_WARN_ENUM_CONVERSION = YES;
				CLANG_WARN_INFINITE_RECURSION = YES;
				CLANG_WARN_INT_CONVERSION = YES;
				CLANG_WARN_NON_LITERAL_NULL_CONVERSION = YES;
				CLANG_WARN_OBJC_IMPLICIT_RETAIN_SELF = YES;
				CLANG_WARN_OBJC_LITERAL_CONVERSION = YES;
				CLANG_WARN_OBJC_ROOT_CLASS = YES_ERROR;
				CLANG_WARN_QUOTED_INCLUDE_IN_FRAMEWORK_HEADER = YES;
				CLANG_WARN_RANGE_LOOP_ANALYSIS = YES;
				CLANG_WARN_STRICT_PROTOTYPES = YES;
				CLANG_WARN_SUSPICIOUS_MOVE = YES;
				CLANG_WARN_UNGUARDED_AVAILABILITY = YES_AGGRESSIVE;
				CLANG_WARN_UNREACHABLE_CODE = YES;
				CLANG_WARN__DUPLICATE_METHOD_MATCH = YES;
				COPY_PHASE_STRIP = NO;
				DEBUG_INFORMATION_FORMAT = dwarf;
				ENABLE_STRICT_OBJC_MSGSEND = YES;
				ENABLE_TESTABILITY = YES;
				ENABLE_USER_SCRIPT_SANDBOXING = YES;
				GCC_C_LANGUAGE_STANDARD = gnu17;
				GCC_DYNAMIC_NO_PIC = NO;
				GCC_NO_COMMON_BLOCKS = YES;
				GCC_OPTIMIZATION_LEVEL = 0;
				GCC_PREPROCESSOR_DEFINITIONS = (
					"DEBUG=1",
					"$(inherited)",
				);
				GCC_WARN_64_TO_32_BIT_CONVERSION = YES;
				GCC_WARN_ABOUT_RETURN_TYPE = YES_ERROR;
				GCC_WARN_UNDECLARED_SELECTOR = YES;
				GCC_WARN_UNINITIALIZED_AUTOS = YES_AGGRESSIVE;
				GCC_WARN_UNUSED_FUNCTION = YES;
				GCC_WARN_UNUSED_VARIABLE = YES;
				IPHONEOS_DEPLOYMENT_TARGET = 17.2;
				LOCALIZATION_PREFERS_STRING_CATALOGS = YES;
				MTL_ENABLE_DEBUG_INFO = INCLUDE_SOURCE;
				MTL_FAST_MATH = YES;
				ONLY_ACTIVE_ARCH = YES;
				SDKROOT = iphoneos;
				SWIFT_ACTIVE_COMPILATION_CONDITIONS = "DEBUG $(inherited)";
				SWIFT_OPTIMIZATION_LEVEL = "-Onone";
			};
			name = Debug;
		};
		6D69BCF32C04D37100D03B3E /* Release */ = {
			isa = XCBuildConfiguration;
			buildSettings = {
				ALWAYS_SEARCH_USER_PATHS = NO;
				ASSETCATALOG_COMPILER_GENERATE_SWIFT_ASSET_SYMBOL_EXTENSIONS = YES;
				CLANG_ANALYZER_NONNULL = YES;
				CLANG_ANALYZER_NUMBER_OBJECT_CONVERSION = YES_AGGRESSIVE;
				CLANG_CXX_LANGUAGE_STANDARD = "gnu++20";
				CLANG_ENABLE_MODULES = YES;
				CLANG_ENABLE_OBJC_ARC = YES;
				CLANG_ENABLE_OBJC_WEAK = YES;
				CLANG_WARN_BLOCK_CAPTURE_AUTORELEASING = YES;
				CLANG_WARN_BOOL_CONVERSION = YES;
				CLANG_WARN_COMMA = YES;
				CLANG_WARN_CONSTANT_CONVERSION = YES;
				CLANG_WARN_DEPRECATED_OBJC_IMPLEMENTATIONS = YES;
				CLANG_WARN_DIRECT_OBJC_ISA_USAGE = YES_ERROR;
				CLANG_WARN_DOCUMENTATION_COMMENTS = YES;
				CLANG_WARN_EMPTY_BODY = YES;
				CLANG_WARN_ENUM_CONVERSION = YES;
				CLANG_WARN_INFINITE_RECURSION = YES;
				CLANG_WARN_INT_CONVERSION = YES;
				CLANG_WARN_NON_LITERAL_NULL_CONVERSION = YES;
				CLANG_WARN_OBJC_IMPLICIT_RETAIN_SELF = YES;
				CLANG_WARN_OBJC_LITERAL_CONVERSION = YES;
				CLANG_WARN_OBJC_ROOT_CLASS = YES_ERROR;
				CLANG_WARN_QUOTED_INCLUDE_IN_FRAMEWORK_HEADER = YES;
				CLANG_WARN_RANGE_LOOP_ANALYSIS = YES;
				CLANG_WARN_STRICT_PROTOTYPES = YES;
				CLANG_WARN_SUSPICIOUS_MOVE = YES;
				CLANG_WARN_UNGUARDED_AVAILABILITY = YES_AGGRESSIVE;
				CLANG_WARN_UNREACHABLE_CODE = YES;
				CLANG_WARN__DUPLICATE_METHOD_MATCH = YES;
				COPY_PHASE_STRIP = NO;
				DEBUG_INFORMATION_FORMAT = "dwarf-with-dsym";
				ENABLE_NS_ASSERTIONS = NO;
				ENABLE_STRICT_OBJC_MSGSEND = YES;
				ENABLE_USER_SCRIPT_SANDBOXING = YES;
				GCC_C_LANGUAGE_STANDARD = gnu17;
				GCC_NO_COMMON_BLOCKS = YES;
				GCC_WARN_64_TO_32_BIT_CONVERSION = YES;
				GCC_WARN_ABOUT_RETURN_TYPE = YES_ERROR;
				GCC_WARN_UNDECLARED_SELECTOR = YES;
				GCC_WARN_UNINITIALIZED_AUTOS = YES_AGGRESSIVE;
				GCC_WARN_UNUSED_FUNCTION = YES;
				GCC_WARN_UNUSED_VARIABLE = YES;
				IPHONEOS_DEPLOYMENT_TARGET = 17.2;
				LOCALIZATION_PREFERS_STRING_CATALOGS = YES;
				MTL_ENABLE_DEBUG_INFO = NO;
				MTL_FAST_MATH = YES;
				SDKROOT = iphoneos;
				SWIFT_COMPILATION_MODE = wholemodule;
				VALIDATE_PRODUCT = YES;
			};
			name = Release;
		};
		6D69BCF52C04D37100D03B3E /* Debug */ = {
			isa = XCBuildConfiguration;
			buildSettings = {
				ASSETCATALOG_COMPILER_APPICON_NAME = AppIcon;
				ASSETCATALOG_COMPILER_GLOBAL_ACCENT_COLOR_NAME = AccentColor;
				CODE_SIGN_STYLE = Automatic;
				CURRENT_PROJECT_VERSION = 1;
				GENERATE_INFOPLIST_FILE = YES;
				INFOPLIST_FILE = "Sanjay Project/Info.plist";
				INFOPLIST_KEY_UIApplicationSupportsIndirectInputEvents = YES;
				INFOPLIST_KEY_UILaunchStoryboardName = LaunchScreen;
				INFOPLIST_KEY_UIMainStoryboardFile = Main;
				INFOPLIST_KEY_UISupportedInterfaceOrientations_iPad = "UIInterfaceOrientationPortrait UIInterfaceOrientationPortraitUpsideDown UIInterfaceOrientationLandscapeLeft UIInterfaceOrientationLandscapeRight";
				INFOPLIST_KEY_UISupportedInterfaceOrientations_iPhone = "UIInterfaceOrientationPortrait UIInterfaceOrientationLandscapeLeft UIInterfaceOrientationLandscapeRight";
				LD_RUNPATH_SEARCH_PATHS = (
					"$(inherited)",
					"@executable_path/Frameworks",
				);
				MARKETING_VERSION = 1.0;
				PRODUCT_BUNDLE_IDENTIFIER = "sanjay.project.Sanjay-Project";
				PRODUCT_NAME = "$(TARGET_NAME)";
				SWIFT_EMIT_LOC_STRINGS = YES;
				SWIFT_VERSION = 5.0;
				TARGETED_DEVICE_FAMILY = "1,2";
			};
			name = Debug;
		};
		6D69BCF62C04D37100D03B3E /* Release */ = {
			isa = XCBuildConfiguration;
			buildSettings = {
				ASSETCATALOG_COMPILER_APPICON_NAME = AppIcon;
				ASSETCATALOG_COMPILER_GLOBAL_ACCENT_COLOR_NAME = AccentColor;
				CODE_SIGN_STYLE = Automatic;
				CURRENT_PROJECT_VERSION = 1;
				GENERATE_INFOPLIST_FILE = YES;
				INFOPLIST_FILE = "Sanjay Project/Info.plist";
				INFOPLIST_KEY_UIApplicationSupportsIndirectInputEvents = YES;
				INFOPLIST_KEY_UILaunchStoryboardName = LaunchScreen;
				INFOPLIST_KEY_UIMainStoryboardFile = Main;
				INFOPLIST_KEY_UISupportedInterfaceOrientations_iPad = "UIInterfaceOrientationPortrait UIInterfaceOrientationPortraitUpsideDown UIInterfaceOrientationLandscapeLeft UIInterfaceOrientationLandscapeRight";
				INFOPLIST_KEY_UISupportedInterfaceOrientations_iPhone = "UIInterfaceOrientationPortrait UIInterfaceOrientationLandscapeLeft UIInterfaceOrientationLandscapeRight";
				LD_RUNPATH_SEARCH_PATHS = (
					"$(inherited)",
					"@executable_path/Frameworks",
				);
				MARKETING_VERSION = 1.0;
				PRODUCT_BUNDLE_IDENTIFIER = "sanjay.project.Sanjay-Project";
				PRODUCT_NAME = "$(TARGET_NAME)";
				SWIFT_EMIT_LOC_STRINGS = YES;
				SWIFT_VERSION = 5.0;
				TARGETED_DEVICE_FAMILY = "1,2";
			};
			name = Release;
		};
/* End XCBuildConfiguration section */

/* Begin XCConfigurationList section */
		6D69BCDB2C04D36F00D03B3E /* Build configuration list for PBXProject "Sanjay Project" */ = {
			isa = XCConfigurationList;
			buildConfigurations = (
				6D69BCF22C04D37100D03B3E /* Debug */,
				6D69BCF32C04D37100D03B3E /* Release */,
			);
			defaultConfigurationIsVisible = 0;
			defaultConfigurationName = Release;
		};
		6D69BCF42C04D37100D03B3E /* Build configuration list for PBXNativeTarget "Sanjay Project" */ = {
			isa = XCConfigurationList;
			buildConfigurations = (
				6D69BCF52C04D37100D03B3E /* Debug */,
				6D69BCF62C04D37100D03B3E /* Release */,
			);
			defaultConfigurationIsVisible = 0;
			defaultConfigurationName = Release;
		};
/* End XCConfigurationList section */

/* Begin XCRemoteSwiftPackageReference section */
		6DBE41312C1C27C70028C994 /* XCRemoteSwiftPackageReference "SDWebImage" */ = {
			isa = XCRemoteSwiftPackageReference;
			repositoryURL = "https://github.com/SDWebImage/SDWebImage.git";
			requirement = {
				kind = upToNextMajorVersion;
				minimumVersion = 5.19.3;
			};
		};
		6DBE41342C1C28F30028C994 /* XCRemoteSwiftPackageReference "Reachability.swift" */ = {
			isa = XCRemoteSwiftPackageReference;
			repositoryURL = "https://github.com/ashleymills/Reachability.swift.git";
			requirement = {
				branch = master;
				kind = branch;
			};
		};
/* End XCRemoteSwiftPackageReference section */

/* Begin XCSwiftPackageProductDependency section */
		6DBE41322C1C27C80028C994 /* SDWebImage */ = {
			isa = XCSwiftPackageProductDependency;
			package = 6DBE41312C1C27C70028C994 /* XCRemoteSwiftPackageReference "SDWebImage" */;
			productName = SDWebImage;
		};
		6DBE41352C1C28F30028C994 /* Reachability */ = {
			isa = XCSwiftPackageProductDependency;
			package = 6DBE41342C1C28F30028C994 /* XCRemoteSwiftPackageReference "Reachability.swift" */;
			productName = Reachability;
		};
/* End XCSwiftPackageProductDependency section */
	};
	rootObject = 6D69BCD82C04D36F00D03B3E /* Project object */;
}
